// !$*UTF8*$!
{
	archiveVersion = 1;
	classes = {
	};
	objectVersion = 50;
	objects = {

/* Begin PBXBuildFile section */
		55F784B4209C18450025ADA0 /* AppDelegate.swift in Sources */ = {isa = PBXBuildFile; fileRef = 55F784B3209C18450025ADA0 /* AppDelegate.swift */; };
		55F784B9209C18450025ADA0 /* Main.storyboard in Resources */ = {isa = PBXBuildFile; fileRef = 55F784B7209C18450025ADA0 /* Main.storyboard */; };
		55F784BB209C18470025ADA0 /* Assets.xcassets in Resources */ = {isa = PBXBuildFile; fileRef = 55F784BA209C18470025ADA0 /* Assets.xcassets */; };
		55F784BE209C18470025ADA0 /* LaunchScreen.storyboard in Resources */ = {isa = PBXBuildFile; fileRef = 55F784BC209C18470025ADA0 /* LaunchScreen.storyboard */; };
		55F784CB209CE3FB0025ADA0 /* TableViewController.swift in Sources */ = {isa = PBXBuildFile; fileRef = 55F784CA209CE3FB0025ADA0 /* TableViewController.swift */; };
		55F784CD209CE5390025ADA0 /* Default-568h@2x.png in Resources */ = {isa = PBXBuildFile; fileRef = 55F784CC209CE5390025ADA0 /* Default-568h@2x.png */; };
		55F784D3209CE7A80025ADA0 /* SpongeBob.swift in Sources */ = {isa = PBXBuildFile; fileRef = 55F784D2209CE7A80025ADA0 /* SpongeBob.swift */; };
		55F784D5209CF2440025ADA0 /* MyCustomCell.xib in Resources */ = {isa = PBXBuildFile; fileRef = 55F784D4209CF2440025ADA0 /* MyCustomCell.xib */; };
		55F784D7209CF2B30025ADA0 /* MyCustomCell.swift in Sources */ = {isa = PBXBuildFile; fileRef = 55F784D6209CF2B30025ADA0 /* MyCustomCell.swift */; };
/* End PBXBuildFile section */

/* Begin PBXFileReference section */
		55F784B0209C18450025ADA0 /* ReUse TableView Cell.app */ = {isa = PBXFileReference; explicitFileType = wrapper.application; includeInIndex = 0; path = "ReUse TableView Cell.app"; sourceTree = BUILT_PRODUCTS_DIR; };
		55F784B3209C18450025ADA0 /* AppDelegate.swift */ = {isa = PBXFileReference; lastKnownFileType = sourcecode.swift; path = AppDelegate.swift; sourceTree = "<group>"; };
		55F784B8209C18450025ADA0 /* Base */ = {isa = PBXFileReference; lastKnownFileType = file.storyboard; name = Base; path = Base.lproj/Main.storyboard; sourceTree = "<group>"; };
		55F784BA209C18470025ADA0 /* Assets.xcassets */ = {isa = PBXFileReference; lastKnownFileType = folder.assetcatalog; path = Assets.xcassets; sourceTree = "<group>"; };
		55F784BD209C18470025ADA0 /* Base */ = {isa = PBXFileReference; lastKnownFileType = file.storyboard; name = Base; path = Base.lproj/LaunchScreen.storyboard; sourceTree = "<group>"; };
		55F784BF209C18470025ADA0 /* Info.plist */ = {isa = PBXFileReference; lastKnownFileType = text.plist.xml; path = Info.plist; sourceTree = "<group>"; };
		55F784CA209CE3FB0025ADA0 /* TableViewController.swift */ = {isa = PBXFileReference; lastKnownFileType = sourcecode.swift; path = TableViewController.swift; sourceTree = "<group>"; };
		55F784CC209CE5390025ADA0 /* Default-568h@2x.png */ = {isa = PBXFileReference; lastKnownFileType = image.png; path = "Default-568h@2x.png"; sourceTree = "<group>"; };
		55F784D2209CE7A80025ADA0 /* SpongeBob.swift */ = {isa = PBXFileReference; lastKnownFileType = sourcecode.swift; path = SpongeBob.swift; sourceTree = "<group>"; };
		55F784D4209CF2440025ADA0 /* MyCustomCell.xib */ = {isa = PBXFileReference; lastKnownFileType = file.xib; path = MyCustomCell.xib; sourceTree = "<group>"; };
		55F784D6209CF2B30025ADA0 /* MyCustomCell.swift */ = {isa = PBXFileReference; lastKnownFileType = sourcecode.swift; path = MyCustomCell.swift; sourceTree = "<group>"; };
/* End PBXFileReference section */

/* Begin PBXFrameworksBuildPhase section */
		55F784AD209C18450025ADA0 /* Frameworks */ = {
			isa = PBXFrameworksBuildPhase;
			buildActionMask = 2147483647;
			files = (
			);
			runOnlyForDeploymentPostprocessing = 0;
		};
/* End PBXFrameworksBuildPhase section */

/* Begin PBXGroup section */
		55F784A7209C18450025ADA0 = {
			isa = PBXGroup;
			children = (
				55F784CC209CE5390025ADA0 /* Default-568h@2x.png */,
				55F784B2209C18450025ADA0 /* ReUse TableView Cell */,
				55F784B1209C18450025ADA0 /* Products */,
			);
			sourceTree = "<group>";
		};
		55F784B1209C18450025ADA0 /* Products */ = {
			isa = PBXGroup;
			children = (
				55F784B0209C18450025ADA0 /* ReUse TableView Cell.app */,
			);
			name = Products;
			sourceTree = "<group>";
		};
		55F784B2209C18450025ADA0 /* ReUse TableView Cell */ = {
			isa = PBXGroup;
			children = (
				55F784D1209CE7980025ADA0 /* Data Model */,
				55F784CE209CE5CD0025ADA0 /* Cells */,
				55F784C8209CE24B0025ADA0 /* Controllers */,
				55F784C7209CE23A0025ADA0 /* Views */,
				55F784C9209CE2530025ADA0 /* Supporting Files */,
			);
			path = "ReUse TableView Cell";
			sourceTree = "<group>";
		};
		55F784C7209CE23A0025ADA0 /* Views */ = {
			isa = PBXGroup;
			children = (
				55F784B7209C18450025ADA0 /* Main.storyboard */,
				55F784BC209C18470025ADA0 /* LaunchScreen.storyboard */,
				55F784D4209CF2440025ADA0 /* MyCustomCell.xib */,
			);
			path = Views;
			sourceTree = "<group>";
		};
		55F784C8209CE24B0025ADA0 /* Controllers */ = {
			isa = PBXGroup;
			children = (
				55F784CA209CE3FB0025ADA0 /* TableViewController.swift */,
			);
			path = Controllers;
			sourceTree = "<group>";
		};
		55F784C9209CE2530025ADA0 /* Supporting Files */ = {
			isa = PBXGroup;
			children = (
				55F784B3209C18450025ADA0 /* AppDelegate.swift */,
				55F784BA209C18470025ADA0 /* Assets.xcassets */,
				55F784BF209C18470025ADA0 /* Info.plist */,
			);
			path = "Supporting Files";
			sourceTree = "<group>";
		};
		55F784CE209CE5CD0025ADA0 /* Cells */ = {
			isa = PBXGroup;
			children = (
				55F784D6209CF2B30025ADA0 /* MyCustomCell.swift */,
			);
			path = Cells;
			sourceTree = "<group>";
		};
		55F784D1209CE7980025ADA0 /* Data Model */ = {
			isa = PBXGroup;
			children = (
				55F784D2209CE7A80025ADA0 /* SpongeBob.swift */,
			);
			path = "Data Model";
			sourceTree = "<group>";
		};
/* End PBXGroup section */

/* Begin PBXNativeTarget section */
		55F784AF209C18450025ADA0 /* ReUse TableView Cell */ = {
			isa = PBXNativeTarget;
			buildConfigurationList = 55F784C2209C18470025ADA0 /* Build configuration list for PBXNativeTarget "ReUse TableView Cell" */;
			buildPhases = (
				55F784AC209C18450025ADA0 /* Sources */,
				55F784AD209C18450025ADA0 /* Frameworks */,
				55F784AE209C18450025ADA0 /* Resources */,
			);
			buildRules = (
			);
			dependencies = (
			);
			name = "ReUse TableView Cell";
			productName = "ReUse TableView Cell";
			productReference = 55F784B0209C18450025ADA0 /* ReUse TableView Cell.app */;
			productType = "com.apple.product-type.application";
		};
/* End PBXNativeTarget section */

/* Begin PBXProject section */
		55F784A8209C18450025ADA0 /* Project object */ = {
			isa = PBXProject;
			attributes = {
				LastSwiftUpdateCheck = 0930;
				LastUpgradeCheck = 0930;
				ORGANIZATIONNAME = "High Tree Development";
				TargetAttributes = {
					55F784AF209C18450025ADA0 = {
						CreatedOnToolsVersion = 9.3;
					};
				};
			};
			buildConfigurationList = 55F784AB209C18450025ADA0 /* Build configuration list for PBXProject "ReUse TableView Cell" */;
			compatibilityVersion = "Xcode 9.3";
			developmentRegion = en;
			hasScannedForEncodings = 0;
			knownRegions = (
				en,
				Base,
			);
			mainGroup = 55F784A7209C18450025ADA0;
			productRefGroup = 55F784B1209C18450025ADA0 /* Products */;
			projectDirPath = "";
			projectRoot = "";
			targets = (
				55F784AF209C18450025ADA0 /* ReUse TableView Cell */,
			);
		};
/* End PBXProject section */

/* Begin PBXResourcesBuildPhase section */
		55F784AE209C18450025ADA0 /* Resources */ = {
			isa = PBXResourcesBuildPhase;
			buildActionMask = 2147483647;
			files = (
				55F784BE209C18470025ADA0 /* LaunchScreen.storyboard in Resources */,
				55F784BB209C18470025ADA0 /* Assets.xcassets in Resources */,
				55F784CD209CE5390025ADA0 /* Default-568h@2x.png in Resources */,
				55F784D5209CF2440025ADA0 /* MyCustomCell.xib in Resources */,
				55F784B9209C18450025ADA0 /* Main.storyboard in Resources */,
			);
			runOnlyForDeploymentPostprocessing = 0;
		};
/* End PBXResourcesBuildPhase section */

/* Begin PBXSourcesBuildPhase section */
		55F784AC209C18450025ADA0 /* Sources */ = {
			isa = PBXSourcesBuildPhase;
			buildActionMask = 2147483647;
			files = (
				55F784D3209CE7A80025ADA0 /* SpongeBob.swift in Sources */,
				55F784B4209C18450025ADA0 /* AppDelegate.swift in Sources */,
				55F784D7209CF2B30025ADA0 /* MyCustomCell.swift in Sources */,
				55F784CB209CE3FB0025ADA0 /* TableViewController.swift in Sources */,
			);
			runOnlyForDeploymentPostprocessing = 0;
		};
/* End PBXSourcesBuildPhase section */

/* Begin PBXVariantGroup section */
		55F784B7209C18450025ADA0 /* Main.storyboard */ = {
			isa = PBXVariantGroup;
			children = (
				55F784B8209C18450025ADA0 /* Base */,
			);
			name = Main.storyboard;
			sourceTree = "<group>";
		};
		55F784BC209C18470025ADA0 /* LaunchScreen.storyboard */ = {
			isa = PBXVariantGroup;
			children = (
				55F784BD209C18470025ADA0 /* Base */,
			);
			name = LaunchScreen.storyboard;
			sourceTree = "<group>";
		};
/* End PBXVariantGroup section */

/* Begin XCBuildConfiguration section */
		55F784C0209C18470025ADA0 /* Debug */ = {
			isa = XCBuildConfiguration;
			buildSettings = {
				ALWAYS_SEARCH_USER_PATHS = NO;
				CLANG_ANALYZER_NONNULL = YES;
				CLANG_ANALYZER_NUMBER_OBJECT_CONVERSION = YES_AGGRESSIVE;
				CLANG_CXX_LANGUAGE_STANDARD = "gnu++14";
				CLANG_CXX_LIBRARY = "libc++";
				CLANG_ENABLE_MODULES = YES;
				CLANG_ENABLE_OBJC_ARC = YES;
				CLANG_ENABLE_OBJC_WEAK = YES;
				CLANG_WARN_BLOCK_CAPTURE_AUTORELEASING = YES;
				CLANG_WARN_BOOL_CONVERSION = YES;
				CLANG_WARN_COMMA = YES;
				CLANG_WARN_CONSTANT_CONVERSION = YES;
				CLANG_WARN_DEPRECATED_OBJC_IMPLEMENTATIONS = YES;
				CLANG_WARN_DIRECT_OBJC_ISA_USAGE = YES_ERROR;
				CLANG_WARN_DOCUMENTATION_COMMENTS = YES;
				CLANG_WARN_EMPTY_BODY = YES;
				CLANG_WARN_ENUM_CONVERSION = YES;
				CLANG_WARN_INFINITE_RECURSION = YES;
				CLANG_WARN_INT_CONVERSION = YES;
				CLANG_WARN_NON_LITERAL_NULL_CONVERSION = YES;
				CLANG_WARN_OBJC_IMPLICIT_RETAIN_SELF = YES;
				CLANG_WARN_OBJC_LITERAL_CONVERSION = YES;
				CLANG_WARN_OBJC_ROOT_CLASS = YES_ERROR;
				CLANG_WARN_RANGE_LOOP_ANALYSIS = YES;
				CLANG_WARN_STRICT_PROTOTYPES = YES;
				CLANG_WARN_SUSPICIOUS_MOVE = YES;
				CLANG_WARN_UNGUARDED_AVAILABILITY = YES_AGGRESSIVE;
				CLANG_WARN_UNREACHABLE_CODE = YES;
				CLANG_WARN__DUPLICATE_METHOD_MATCH = YES;
				CODE_SIGN_IDENTITY = "iPhone Developer";
				COPY_PHASE_STRIP = NO;
				DEBUG_INFORMATION_FORMAT = dwarf;
				ENABLE_STRICT_OBJC_MSGSEND = YES;
				ENABLE_TESTABILITY = YES;
				GCC_C_LANGUAGE_STANDARD = gnu11;
				GCC_DYNAMIC_NO_PIC = NO;
				GCC_NO_COMMON_BLOCKS = YES;
				GCC_OPTIMIZATION_LEVEL = 0;
				GCC_PREPROCESSOR_DEFINITIONS = (
					"DEBUG=1",
					"$(inherited)",
				);
				GCC_WARN_64_TO_32_BIT_CONVERSION = YES;
				GCC_WARN_ABOUT_RETURN_TYPE = YES_ERROR;
				GCC_WARN_UNDECLARED_SELECTOR = YES;
				GCC_WARN_UNINITIALIZED_AUTOS = YES_AGGRESSIVE;
				GCC_WARN_UNUSED_FUNCTION = YES;
				GCC_WARN_UNUSED_VARIABLE = YES;
				IPHONEOS_DEPLOYMENT_TARGET = 11.3;
				MTL_ENABLE_DEBUG_INFO = YES;
				ONLY_ACTIVE_ARCH = YES;
				SDKROOT = iphoneos;
				SWIFT_ACTIVE_COMPILATION_CONDITIONS = DEBUG;
				SWIFT_OPTIMIZATION_LEVEL = "-Onone";
			};
			name = Debug;
		};
		55F784C1209C18470025ADA0 /* Release */ = {
			isa = XCBuildConfiguration;
			buildSettings = {
				ALWAYS_SEARCH_USER_PATHS = NO;
				CLANG_ANALYZER_NONNULL = YES;
				CLANG_ANALYZER_NUMBER_OBJECT_CONVERSION = YES_AGGRESSIVE;
				CLANG_CXX_LANGUAGE_STANDARD = "gnu++14";
				CLANG_CXX_LIBRARY = "libc++";
				CLANG_ENABLE_MODULES = YES;
				CLANG_ENABLE_OBJC_ARC = YES;
				CLANG_ENABLE_OBJC_WEAK = YES;
				CLANG_WARN_BLOCK_CAPTURE_AUTORELEASING = YES;
				CLANG_WARN_BOOL_CONVERSION = YES;
				CLANG_WARN_COMMA = YES;
				CLANG_WARN_CONSTANT_CONVERSION = YES;
				CLANG_WARN_DEPRECATED_OBJC_IMPLEMENTATIONS = YES;
				CLANG_WARN_DIRECT_OBJC_ISA_USAGE = YES_ERROR;
				CLANG_WARN_DOCUMENTATION_COMMENTS = YES;
				CLANG_WARN_EMPTY_BODY = YES;
				CLANG_WARN_ENUM_CONVERSION = YES;
				CLANG_WARN_INFINITE_RECURSION = YES;
				CLANG_WARN_INT_CONVERSION = YES;
				CLANG_WARN_NON_LITERAL_NULL_CONVERSION = YES;
				CLANG_WARN_OBJC_IMPLICIT_RETAIN_SELF = YES;
				CLANG_WARN_OBJC_LITERAL_CONVERSION = YES;
				CLANG_WARN_OBJC_ROOT_CLASS = YES_ERROR;
				CLANG_WARN_RANGE_LOOP_ANALYSIS = YES;
				CLANG_WARN_STRICT_PROTOTYPES = YES;
				CLANG_WARN_SUSPICIOUS_MOVE = YES;
				CLANG_WARN_UNGUARDED_AVAILABILITY = YES_AGGRESSIVE;
				CLANG_WARN_UNREACHABLE_CODE = YES;
				CLANG_WARN__DUPLICATE_METHOD_MATCH = YES;
				CODE_SIGN_IDENTITY = "iPhone Developer";
				COPY_PHASE_STRIP = NO;
				DEBUG_INFORMATION_FORMAT = "dwarf-with-dsym";
				ENABLE_NS_ASSERTIONS = NO;
				ENABLE_STRICT_OBJC_MSGSEND = YES;
				GCC_C_LANGUAGE_STANDARD = gnu11;
				GCC_NO_COMMON_BLOCKS = YES;
				GCC_WARN_64_TO_32_BIT_CONVERSION = YES;
				GCC_WARN_ABOUT_RETURN_TYPE = YES_ERROR;
				GCC_WARN_UNDECLARED_SELECTOR = YES;
				GCC_WARN_UNINITIALIZED_AUTOS = YES_AGGRESSIVE;
				GCC_WARN_UNUSED_FUNCTION = YES;
				GCC_WARN_UNUSED_VARIABLE = YES;
				IPHONEOS_DEPLOYMENT_TARGET = 11.3;
				MTL_ENABLE_DEBUG_INFO = NO;
				SDKROOT = iphoneos;
				SWIFT_COMPILATION_MODE = wholemodule;
				SWIFT_OPTIMIZATION_LEVEL = "-O";
				VALIDATE_PRODUCT = YES;
			};
			name = Release;
		};
		55F784C3209C18470025ADA0 /* Debug */ = {
			isa = XCBuildConfiguration;
			buildSettings = {
				ASSETCATALOG_COMPILER_APPICON_NAME = AppIcon;
				CODE_SIGN_STYLE = Automatic;
				DEVELOPMENT_TEAM = D3D7B5BPEZ;
				INFOPLIST_FILE = "$(SRCROOT)/ReUse TableView Cell/Supporting Files/Info.plist";
				LD_RUNPATH_SEARCH_PATHS = (
					"$(inherited)",
					"@executable_path/Frameworks",
				);
				PRODUCT_BUNDLE_IDENTIFIER = "com.HighTreeDevelopment.ReUse-TableView-Cell";
				PRODUCT_NAME = "$(TARGET_NAME)";
				SWIFT_VERSION = 4.0;
				TARGETED_DEVICE_FAMILY = "1,2";
			};
			name = Debug;
		};
		55F784C4209C18470025ADA0 /* Release */ = {
			isa = XCBuildConfiguration;
			buildSettings = {
				ASSETCATALOG_COMPILER_APPICON_NAME = AppIcon;
				CODE_SIGN_STYLE = Automatic;
				DEVELOPMENT_TEAM = D3D7B5BPEZ;
				INFOPLIST_FILE = "$(SRCROOT)/ReUse TableView Cell/Supporting Files/Info.plist";
				LD_RUNPATH_SEARCH_PATHS = (
					"$(inherited)",
					"@executable_path/Frameworks",
				);
				PRODUCT_BUNDLE_IDENTIFIER = "com.HighTreeDevelopment.ReUse-TableView-Cell";
				PRODUCT_NAME = "$(TARGET_NAME)";
				SWIFT_VERSION = 4.0;
				TARGETED_DEVICE_FAMILY = "1,2";
			};
			name = Release;
		};
/* End XCBuildConfiguration section */

/* Begin XCConfigurationList section */
		55F784AB209C18450025ADA0 /* Build configuration list for PBXProject "ReUse TableView Cell" */ = {
			isa = XCConfigurationList;
			buildConfigurations = (
				55F784C0209C18470025ADA0 /* Debug */,
				55F784C1209C18470025ADA0 /* Release */,
			);
			defaultConfigurationIsVisible = 0;
			defaultConfigurationName = Release;
		};
		55F784C2209C18470025ADA0 /* Build configuration list for PBXNativeTarget "ReUse TableView Cell" */ = {
			isa = XCConfigurationList;
			buildConfigurations = (
				55F784C3209C18470025ADA0 /* Debug */,
				55F784C4209C18470025ADA0 /* Release */,
			);
			defaultConfigurationIsVisible = 0;
			defaultConfigurationName = Release;
		};
/* End XCConfigurationList section */
	};
	rootObject = 55F784A8209C18450025ADA0 /* Project object */;
}
